
Microsoft Visual Studio Solution File, Format Version 12.00
# Visual Studio 15
VisualStudioVersion = 15.0.27130.2003
MinimumVisualStudioVersion = 10.0.40219.1
Project("{9A19103F-16F7-4668-BE54-9A1E7A4F7556}") = "Transifex.Backend", "Transifex.Backend.csproj", "{2351AB24-8D4F-4E5B-84B8-821743B020C6}"
EndProject
Global
	GlobalSection(SolutionConfigurationPlatforms) = preSolution
		Debug|Any CPU = Debug|Any CPU
		Release|Any CPU = Release|Any CPU
	EndGlobalSection
	GlobalSection(ProjectConfigurationPlatforms) = postSolution
		{2351AB24-8D4F-4E5B-84B8-821743B020C6}.Debug|Any CPU.ActiveCfg = Debug|Any CPU
		{2351AB24-8D4F-4E5B-84B8-821743B020C6}.Debug|Any CPU.Build.0 = Debug|Any CPU
		{2351AB24-8D4F-4E5B-84B8-821743B020C6}.Release|Any CPU.ActiveCfg = Release|Any CPU
		{2351AB24-8D4F-4E5B-84B8-821743B020C6}.Release|Any CPU.Build.0 = Release|Any CPU
	EndGlobalSection
	GlobalSection(SolutionProperties) = preSolution
		HideSolutionNode = FALSE
	EndGlobalSection
	GlobalSection(ExtensibilityGlobals) = postSolution
		SolutionGuid = {C485E97E-F22E-4003-920B-995C3D21BE18}
	EndGlobalSection
EndGlobal
